
Microsoft Visual Studio Solution File, Format Version 12.00
# Visual Studio Version 17
VisualStudioVersion = 17.11.35222.181
MinimumVisualStudioVersion = 10.0.40219.1
Project("{9A19103F-16F7-4668-BE54-9A1E7A4F7556}") = "LinkBotLaunch", "LinkBotLaunch\LinkBotLaunch.csproj", "{BC42A84B-ACE9-4F8A-800F-3D8BE437636E}"
EndProject
Project("{FAE04EC0-301F-11D3-BF4B-00C04F79EFBC}") = "LinkBotLogic", "LinkBotLogic\LinkBotLogic.csproj", "{C46F1010-2B19-4B45-81DC-1B799E448AD8}"
EndProject
Global
	GlobalSection(SolutionConfigurationPlatforms) = preSolution
		Debug|Any CPU = Debug|Any CPU
		Release|Any CPU = Release|Any CPU
	EndGlobalSection
	GlobalSection(ProjectConfigurationPlatforms) = postSolution
		{BC42A84B-ACE9-4F8A-800F-3D8BE437636E}.Debug|Any CPU.ActiveCfg = Debug|Any CPU
		{BC42A84B-ACE9-4F8A-800F-3D8BE437636E}.Debug|Any CPU.Build.0 = Debug|Any CPU
		{BC42A84B-ACE9-4F8A-800F-3D8BE437636E}.Release|Any CPU.ActiveCfg = Release|Any CPU
		{BC42A84B-ACE9-4F8A-800F-3D8BE437636E}.Release|Any CPU.Build.0 = Release|Any CPU
		{C46F1010-2B19-4B45-81DC-1B799E448AD8}.Debug|Any CPU.ActiveCfg = Debug|Any CPU
		{C46F1010-2B19-4B45-81DC-1B799E448AD8}.Debug|Any CPU.Build.0 = Debug|Any CPU
		{C46F1010-2B19-4B45-81DC-1B799E448AD8}.Release|Any CPU.ActiveCfg = Release|Any CPU
		{C46F1010-2B19-4B45-81DC-1B799E448AD8}.Release|Any CPU.Build.0 = Release|Any CPU
	EndGlobalSection
	GlobalSection(SolutionProperties) = preSolution
		HideSolutionNode = FALSE
	EndGlobalSection
	GlobalSection(ExtensibilityGlobals) = postSolution
		SolutionGuid = {35837033-0510-4342-AADA-5228298EB00F}
	EndGlobalSection
EndGlobal
